
Microsoft Visual Studio Solution File, Format Version 12.00
# Visual Studio Version 17
VisualStudioVersion = 17.0.31919.166
MinimumVisualStudioVersion = 10.0.40219.1
Project("{2150E333-8FDC-42A3-9474-1A3956D46DE8}") = "src", "src", "{DAF459A6-E7B6-4A76-A835-AD25F4A6815C}"
EndProject
Project("{2150E333-8FDC-42A3-9474-1A3956D46DE8}") = "Solution Items", "Solution Items", "{48600832-594F-4B53-B005-8AF9EE6710D8}"
	ProjectSection(SolutionItems) = preProject
		.gitignore = .gitignore
		LICENSE = LICENSE
		README.md = README.md
	EndProjectSection
EndProject
Project("{9A19103F-16F7-4668-BE54-9A1E7A4F7556}") = "Pacman.DesktopGL", "src\Pacman.DesktopGL\Pacman.DesktopGL.csproj", "{8B2BD531-FCEA-4A4F-A1CA-6264DE699A85}"
	ProjectSection(ProjectDependencies) = postProject
		{FF948F51-DDD5-4AC7-B8FA-0A84B4D2E71F} = {FF948F51-DDD5-4AC7-B8FA-0A84B4D2E71F}
	EndProjectSection
EndProject
Project("{9A19103F-16F7-4668-BE54-9A1E7A4F7556}") = "Pacman.Core", "src\Pacman.Core\Pacman.Core.csproj", "{59374231-723E-486C-9C12-5E67D33707ED}"
EndProject
Project("{9A19103F-16F7-4668-BE54-9A1E7A4F7556}") = "Pacman.ContentPipelineExtension", "src\Pacman.ContentPipelineExtension\Pacman.ContentPipelineExtension.csproj", "{FF948F51-DDD5-4AC7-B8FA-0A84B4D2E71F}"
EndProject
Global
	GlobalSection(SolutionConfigurationPlatforms) = preSolution
		Debug|Any CPU = Debug|Any CPU
		Release|Any CPU = Release|Any CPU
	EndGlobalSection
	GlobalSection(ProjectConfigurationPlatforms) = postSolution
		{8B2BD531-FCEA-4A4F-A1CA-6264DE699A85}.Debug|Any CPU.ActiveCfg = Debug|Any CPU
		{8B2BD531-FCEA-4A4F-A1CA-6264DE699A85}.Debug|Any CPU.Build.0 = Debug|Any CPU
		{8B2BD531-FCEA-4A4F-A1CA-6264DE699A85}.Release|Any CPU.ActiveCfg = Release|Any CPU
		{8B2BD531-FCEA-4A4F-A1CA-6264DE699A85}.Release|Any CPU.Build.0 = Release|Any CPU
		{59374231-723E-486C-9C12-5E67D33707ED}.Debug|Any CPU.ActiveCfg = Debug|Any CPU
		{59374231-723E-486C-9C12-5E67D33707ED}.Debug|Any CPU.Build.0 = Debug|Any CPU
		{59374231-723E-486C-9C12-5E67D33707ED}.Release|Any CPU.ActiveCfg = Release|Any CPU
		{59374231-723E-486C-9C12-5E67D33707ED}.Release|Any CPU.Build.0 = Release|Any CPU
		{FF948F51-DDD5-4AC7-B8FA-0A84B4D2E71F}.Debug|Any CPU.ActiveCfg = Debug|Any CPU
		{FF948F51-DDD5-4AC7-B8FA-0A84B4D2E71F}.Debug|Any CPU.Build.0 = Debug|Any CPU
		{FF948F51-DDD5-4AC7-B8FA-0A84B4D2E71F}.Release|Any CPU.ActiveCfg = Release|Any CPU
		{FF948F51-DDD5-4AC7-B8FA-0A84B4D2E71F}.Release|Any CPU.Build.0 = Release|Any CPU
	EndGlobalSection
	GlobalSection(SolutionProperties) = preSolution
		HideSolutionNode = FALSE
	EndGlobalSection
	GlobalSection(NestedProjects) = preSolution
		{8B2BD531-FCEA-4A4F-A1CA-6264DE699A85} = {DAF459A6-E7B6-4A76-A835-AD25F4A6815C}
		{59374231-723E-486C-9C12-5E67D33707ED} = {DAF459A6-E7B6-4A76-A835-AD25F4A6815C}
		{FF948F51-DDD5-4AC7-B8FA-0A84B4D2E71F} = {DAF459A6-E7B6-4A76-A835-AD25F4A6815C}
	EndGlobalSection
	GlobalSection(ExtensibilityGlobals) = postSolution
		SolutionGuid = {991489AF-2B8D-4B91-ACC4-151718CB54FD}
	EndGlobalSection
EndGlobal
